{
    "_readme": [
        "This file locks the dependencies of your project to a known state",
        "Read more about it at https://getcomposer.org/doc/01-basic-usage.md#installing-dependencies",
        "This file is @generated automatically"
    ],
    "content-hash": "b454ad662f86508165b5a86715bb5d9d",
    "packages": [
        {
            "name": "green-spot/accela",
            "version": "v0.1.4",
            "source": {
                "type": "git",
                "url": "https://github.com/green-spot/accela.git",
                "reference": "d4a28fa36462089002a459387d463c350878e34c"
            },
            "dist": {
                "type": "zip",
                "url": "https://api.github.com/repos/green-spot/accela/zipball/d4a28fa36462089002a459387d463c350878e34c",
                "reference": "d4a28fa36462089002a459387d463c350878e34c",
                "shasum": ""
            },
            "type": "library",
            "autoload": {
                "psr-4": {
                    "Accela\\": "src/includes/"
                }
            },
            "notification-url": "https://packagist.org/downloads/",
            "license": [
                "MIT"
            ],
            "authors": [
                {
                    "name": "green spot",
                    "email": "in.green.spot@gmail.com"
                }
            ],
            "description": "PHP Web Framwork for SPA",
            "homepage": "https://github.com/green-spot/accela",
            "keywords": [
                "SPA",
                "php framework"
            ],
            "support": {
                "issues": "https://github.com/green-spot/accela/issues",
                "source": "https://github.com/green-spot/accela/tree/v0.1.4"
            },
            "time": "2022-12-05T16:19:00+00:00"
        }
    ],
    "packages-dev": [],
    "aliases": [],
    "minimum-stability": "stable",
    "stability-flags": [],
    "prefer-stable": false,
    "prefer-lowest": false,
    "platform": [],
    "platform-dev": [],
    "plugin-api-version": "2.1.0"
}
